
Microsoft Visual Studio Solution File, Format Version 12.00
# Visual Studio 15
VisualStudioVersion = 15.0.27703.2035
MinimumVisualStudioVersion = 10.0.40219.1
Project("{FAE04EC0-301F-11D3-BF4B-00C04F79EFBC}") = "DoScrumWork", "DoScrumWork\DoScrumWork.csproj", "{89945841-5D5A-4A17-AB1A-5241D4455994}"
EndProject
Project("{FAE04EC0-301F-11D3-BF4B-00C04F79EFBC}") = "Transversal", "Transversal\Transversal.csproj", "{72144972-3BE9-4149-84C7-E97DCBE79350}"
EndProject
Global
	GlobalSection(SolutionConfigurationPlatforms) = preSolution
		Debug|Any CPU = Debug|Any CPU
		Release|Any CPU = Release|Any CPU
	EndGlobalSection
	GlobalSection(ProjectConfigurationPlatforms) = postSolution
		{89945841-5D5A-4A17-AB1A-5241D4455994}.Debug|Any CPU.ActiveCfg = Debug|Any CPU
		{89945841-5D5A-4A17-AB1A-5241D4455994}.Debug|Any CPU.Build.0 = Debug|Any CPU
		{89945841-5D5A-4A17-AB1A-5241D4455994}.Release|Any CPU.ActiveCfg = Release|Any CPU
		{89945841-5D5A-4A17-AB1A-5241D4455994}.Release|Any CPU.Build.0 = Release|Any CPU
		{72144972-3BE9-4149-84C7-E97DCBE79350}.Debug|Any CPU.ActiveCfg = Debug|Any CPU
		{72144972-3BE9-4149-84C7-E97DCBE79350}.Debug|Any CPU.Build.0 = Debug|Any CPU
		{72144972-3BE9-4149-84C7-E97DCBE79350}.Release|Any CPU.ActiveCfg = Release|Any CPU
		{72144972-3BE9-4149-84C7-E97DCBE79350}.Release|Any CPU.Build.0 = Release|Any CPU
	EndGlobalSection
	GlobalSection(SolutionProperties) = preSolution
		HideSolutionNode = FALSE
	EndGlobalSection
	GlobalSection(ExtensibilityGlobals) = postSolution
		SolutionGuid = {01C05A73-CCB7-4121-8D85-A6C2101FCDC6}
	EndGlobalSection
EndGlobal
