
Microsoft Visual Studio Solution File, Format Version 12.00
# Visual Studio 14
VisualStudioVersion = 14.0.25420.1
MinimumVisualStudioVersion = 10.0.40219.1
Project("{FAE04EC0-301F-11D3-BF4B-00C04F79EFBC}") = "AgileWork", "AgileWork\AgileWork.csproj", "{0B791D14-867C-45E4-A4C8-5E3B50432C4C}"
EndProject
Project("{FAE04EC0-301F-11D3-BF4B-00C04F79EFBC}") = "UnitTestAgileWork", "UnitTestAgileWork\UnitTestAgileWork.csproj", "{240B9FA2-5860-478E-BC04-7C0A587E3CDE}"
EndProject
Global
	GlobalSection(SolutionConfigurationPlatforms) = preSolution
		Debug|Any CPU = Debug|Any CPU
		Release|Any CPU = Release|Any CPU
	EndGlobalSection
	GlobalSection(ProjectConfigurationPlatforms) = postSolution
		{0B791D14-867C-45E4-A4C8-5E3B50432C4C}.Debug|Any CPU.ActiveCfg = Debug|Any CPU
		{0B791D14-867C-45E4-A4C8-5E3B50432C4C}.Debug|Any CPU.Build.0 = Debug|Any CPU
		{0B791D14-867C-45E4-A4C8-5E3B50432C4C}.Release|Any CPU.ActiveCfg = Release|Any CPU
		{0B791D14-867C-45E4-A4C8-5E3B50432C4C}.Release|Any CPU.Build.0 = Release|Any CPU
		{240B9FA2-5860-478E-BC04-7C0A587E3CDE}.Debug|Any CPU.ActiveCfg = Debug|Any CPU
		{240B9FA2-5860-478E-BC04-7C0A587E3CDE}.Debug|Any CPU.Build.0 = Debug|Any CPU
		{240B9FA2-5860-478E-BC04-7C0A587E3CDE}.Release|Any CPU.ActiveCfg = Release|Any CPU
		{240B9FA2-5860-478E-BC04-7C0A587E3CDE}.Release|Any CPU.Build.0 = Release|Any CPU
	EndGlobalSection
	GlobalSection(SolutionProperties) = preSolution
		HideSolutionNode = FALSE
	EndGlobalSection
	GlobalSection(ExtensibilityGlobals) = postSolution
		SolutionGuid = {01C05A73-CCB7-4121-8D85-A6C2101FCDC6}
	EndGlobalSection
EndGlobal
